
Microsoft Visual Studio Solution File, Format Version 12.00
# Visual Studio Version 16
VisualStudioVersion = 16.0.28803.202
MinimumVisualStudioVersion = 10.0.40219.1
Project("{FAE04EC0-301F-11D3-BF4B-00C04F79EFBC}") = "PhoneResponse", "PhoneResponse\PhoneResponse.csproj", "{5BD56152-544D-4548-8BD5-E23EC104756D}"
EndProject
Project("{FAE04EC0-301F-11D3-BF4B-00C04F79EFBC}") = "DefineClass", "..\..\classes\DefineClass\DefineClass\DefineClass.csproj", "{722F7B00-B98E-497A-8774-A65F73A5F1A1}"
EndProject
Project("{FAE04EC0-301F-11D3-BF4B-00C04F79EFBC}") = "ybcDatabaseClass", "E:\ybcDatabaseClass\ybcDatabaseClass.csproj", "{C6676CD8-CA85-4F1D-A01B-CF758080C3B1}"
EndProject
Global
	GlobalSection(SolutionConfigurationPlatforms) = preSolution
		Debug|Any CPU = Debug|Any CPU
		Release|Any CPU = Release|Any CPU
	EndGlobalSection
	GlobalSection(ProjectConfigurationPlatforms) = postSolution
		{5BD56152-544D-4548-8BD5-E23EC104756D}.Debug|Any CPU.ActiveCfg = Debug|Any CPU
		{5BD56152-544D-4548-8BD5-E23EC104756D}.Debug|Any CPU.Build.0 = Debug|Any CPU
		{5BD56152-544D-4548-8BD5-E23EC104756D}.Release|Any CPU.ActiveCfg = Release|Any CPU
		{5BD56152-544D-4548-8BD5-E23EC104756D}.Release|Any CPU.Build.0 = Release|Any CPU
		{722F7B00-B98E-497A-8774-A65F73A5F1A1}.Debug|Any CPU.ActiveCfg = Debug|Any CPU
		{722F7B00-B98E-497A-8774-A65F73A5F1A1}.Debug|Any CPU.Build.0 = Debug|Any CPU
		{722F7B00-B98E-497A-8774-A65F73A5F1A1}.Release|Any CPU.ActiveCfg = Release|Any CPU
		{722F7B00-B98E-497A-8774-A65F73A5F1A1}.Release|Any CPU.Build.0 = Release|Any CPU
		{C6676CD8-CA85-4F1D-A01B-CF758080C3B1}.Debug|Any CPU.ActiveCfg = Debug|Any CPU
		{C6676CD8-CA85-4F1D-A01B-CF758080C3B1}.Debug|Any CPU.Build.0 = Debug|Any CPU
		{C6676CD8-CA85-4F1D-A01B-CF758080C3B1}.Release|Any CPU.ActiveCfg = Release|Any CPU
		{C6676CD8-CA85-4F1D-A01B-CF758080C3B1}.Release|Any CPU.Build.0 = Release|Any CPU
	EndGlobalSection
	GlobalSection(SolutionProperties) = preSolution
		HideSolutionNode = FALSE
	EndGlobalSection
	GlobalSection(ExtensibilityGlobals) = postSolution
		SolutionGuid = {9BBA86C6-1E80-4045-ACA9-41E441AE54B8}
	EndGlobalSection
EndGlobal
